<Solution>
  <Project Path="DialogueGameEngine.Cli/DialogueGameEngine.Cli.csproj" />
  <Project Path="DialogueGameEngine.Cli.Tests/DialogueGameEngine.Cli.Tests.csproj" />
  <Project Path="DialogueGameEngine.Core.Tests/DialogueGameEngine.Core.Tests.csproj" />
  <Project Path="DialogueGameEngine.Core/DialogueGameEngine.Core.csproj" />
  <Project Path="DialogueGameEngine.Persistence/DialogueGameEngine.Persistence.csproj" />
  <Project Path="DialogueGameEngine.Persistence.Tests/DialogueGameEngine.Persistence.Tests.csproj" />
</Solution>
